{
  "lockfileVersion": 1,
  "configVersion": 0,
  "workspaces": {
    "": {
      "name": "pty-mgr",
      "dependencies": {
        "@xterm/addon-serialize": "^0.14.0",
        "@xterm/headless": "^6.0.0",
      },
    },
  },
  "packages": {
    "@xterm/addon-serialize": ["@xterm/addon-serialize@0.14.0", "", {}, "sha512-uteyTU1EkrQa2Ux6P/uFl2fzmXI46jy5uoQMKEOM0fKTyiW7cSn0WrFenHm5vO5uEXX/GpwW/FgILvv3r0WbkA=="],

    "@xterm/headless": ["@xterm/headless@6.0.0", "", {}, "sha512-5Yj1QINYCyzrZtf8OFIHi47iQtI+0qYFPHmouEfG8dHNxbZ9Tb9YGSuLcsEwj9Z+OL75GJqPyJbyoFer80a2Hw=="],
  }
}
